
Microsoft Visual Studio Solution File, Format Version 12.00
# Visual Studio Version 16
VisualStudioVersion = 16.0.30503.244
MinimumVisualStudioVersion = 10.0.40219.1
Project("{9A19103F-16F7-4668-BE54-9A1E7A4F7556}") = "Domain", "Domain\Domain.csproj", "{2ECA42D0-8FA6-4DE6-AABE-C08CA1A9FEB8}"
EndProject
Project("{9A19103F-16F7-4668-BE54-9A1E7A4F7556}") = "Persistance", "Persistance\Persistance.csproj", "{6B3EFC10-7EF8-4B8D-9FB0-DE28CA7104CC}"
EndProject
Project("{9A19103F-16F7-4668-BE54-9A1E7A4F7556}") = "TaxesManager", "TaxesManager\TaxesManager.csproj", "{276415DD-127C-427E-9BEB-EDB4E3C4F9F1}"
EndProject
Global
	GlobalSection(SolutionConfigurationPlatforms) = preSolution
		Debug|Any CPU = Debug|Any CPU
		Release|Any CPU = Release|Any CPU
	EndGlobalSection
	GlobalSection(ProjectConfigurationPlatforms) = postSolution
		{2ECA42D0-8FA6-4DE6-AABE-C08CA1A9FEB8}.Debug|Any CPU.ActiveCfg = Debug|Any CPU
		{2ECA42D0-8FA6-4DE6-AABE-C08CA1A9FEB8}.Debug|Any CPU.Build.0 = Debug|Any CPU
		{2ECA42D0-8FA6-4DE6-AABE-C08CA1A9FEB8}.Release|Any CPU.ActiveCfg = Release|Any CPU
		{2ECA42D0-8FA6-4DE6-AABE-C08CA1A9FEB8}.Release|Any CPU.Build.0 = Release|Any CPU
		{6B3EFC10-7EF8-4B8D-9FB0-DE28CA7104CC}.Debug|Any CPU.ActiveCfg = Debug|Any CPU
		{6B3EFC10-7EF8-4B8D-9FB0-DE28CA7104CC}.Debug|Any CPU.Build.0 = Debug|Any CPU
		{6B3EFC10-7EF8-4B8D-9FB0-DE28CA7104CC}.Release|Any CPU.ActiveCfg = Release|Any CPU
		{6B3EFC10-7EF8-4B8D-9FB0-DE28CA7104CC}.Release|Any CPU.Build.0 = Release|Any CPU
		{276415DD-127C-427E-9BEB-EDB4E3C4F9F1}.Debug|Any CPU.ActiveCfg = Debug|Any CPU
		{276415DD-127C-427E-9BEB-EDB4E3C4F9F1}.Debug|Any CPU.Build.0 = Debug|Any CPU
		{276415DD-127C-427E-9BEB-EDB4E3C4F9F1}.Release|Any CPU.ActiveCfg = Release|Any CPU
		{276415DD-127C-427E-9BEB-EDB4E3C4F9F1}.Release|Any CPU.Build.0 = Release|Any CPU
	EndGlobalSection
	GlobalSection(SolutionProperties) = preSolution
		HideSolutionNode = FALSE
	EndGlobalSection
	GlobalSection(ExtensibilityGlobals) = postSolution
		SolutionGuid = {C325C224-32E3-483A-B183-246CDF72EDB5}
	EndGlobalSection
EndGlobal
